{
  "name": "@luknasc/stencil-webcomponents-test",
  "version": "0.0.2",
  "lockfileVersion": 2,
  "requires": true,
  "packages": {
    "": {
      "name": "@luknasc/stencil-webcomponents-test",
      "version": "0.0.2",
      "license": "MIT",
      "dependencies": {
        "@luknasc/stencil-webcomponents-test": "^0.0.1",
        "@stencil/core": "^2.6.0"
      }
    },
    "node_modules/@luknasc/stencil-webcomponents-test": {
      "version": "0.0.1",
      "resolved": "https://registry.npmjs.org/@luknasc/stencil-webcomponents-test/-/stencil-webcomponents-test-0.0.1.tgz",
      "integrity": "sha512-zDClwoLGKv0wXVilq2r/Xhuc8Nzibzw4/3iRiGZDrP2zMdb3lnZOy+yyhKzKxbq07AfWXBU16/URqwQGeMz7YQ==",
      "dependencies": {
        "@stencil/core": "^2.6.0"
      }
    },
    "node_modules/@stencil/core": {
      "version": "2.6.0",
      "resolved": "https://registry.npmjs.org/@stencil/core/-/core-2.6.0.tgz",
      "integrity": "sha512-QsxWayZyusnqSZrlCl81R71rA3KqFjVVQSH4E0rGN15F1GdQaFonKlHLyCOLKLig1zzC+DQkLLiUuocexuvdeQ==",
      "bin": {
        "stencil": "bin/stencil"
      },
      "engines": {
        "node": ">=12.10.0",
        "npm": ">=6.0.0"
      }
    }
  },
  "dependencies": {
    "@luknasc/stencil-webcomponents-test": {
      "version": "0.0.1",
      "resolved": "https://registry.npmjs.org/@luknasc/stencil-webcomponents-test/-/stencil-webcomponents-test-0.0.1.tgz",
      "integrity": "sha512-zDClwoLGKv0wXVilq2r/Xhuc8Nzibzw4/3iRiGZDrP2zMdb3lnZOy+yyhKzKxbq07AfWXBU16/URqwQGeMz7YQ==",
      "requires": {
        "@stencil/core": "^2.6.0"
      }
    },
    "@stencil/core": {
      "version": "2.6.0",
      "resolved": "https://registry.npmjs.org/@stencil/core/-/core-2.6.0.tgz",
      "integrity": "sha512-QsxWayZyusnqSZrlCl81R71rA3KqFjVVQSH4E0rGN15F1GdQaFonKlHLyCOLKLig1zzC+DQkLLiUuocexuvdeQ=="
    }
  }
}
